
Microsoft Visual Studio Solution File, Format Version 12.00
# Visual Studio Version 16
VisualStudioVersion = 16.0.29403.142
MinimumVisualStudioVersion = 10.0.40219.1
Project("{8BC9CEB8-8B4A-11D0-8D11-00A0C91BC942}") = "SetMultisetApplication01", "SetMultisetApplication01\SetMultisetApplication01.vcxproj", "{77614578-0A30-4B06-99A4-9C4130167EA8}"
EndProject
Project("{8BC9CEB8-8B4A-11D0-8D11-00A0C91BC942}") = "SetMultisetApplication02", "SetMultisetApplication02\SetMultisetApplication02.vcxproj", "{3189E4CE-9A80-412A-9B6F-59C73BFEEECB}"
EndProject
Global
	GlobalSection(SolutionConfigurationPlatforms) = preSolution
		Debug|x64 = Debug|x64
		Debug|x86 = Debug|x86
		Release|x64 = Release|x64
		Release|x86 = Release|x86
	EndGlobalSection
	GlobalSection(ProjectConfigurationPlatforms) = postSolution
		{77614578-0A30-4B06-99A4-9C4130167EA8}.Debug|x64.ActiveCfg = Debug|x64
		{77614578-0A30-4B06-99A4-9C4130167EA8}.Debug|x64.Build.0 = Debug|x64
		{77614578-0A30-4B06-99A4-9C4130167EA8}.Debug|x86.ActiveCfg = Debug|Win32
		{77614578-0A30-4B06-99A4-9C4130167EA8}.Debug|x86.Build.0 = Debug|Win32
		{77614578-0A30-4B06-99A4-9C4130167EA8}.Release|x64.ActiveCfg = Release|x64
		{77614578-0A30-4B06-99A4-9C4130167EA8}.Release|x64.Build.0 = Release|x64
		{77614578-0A30-4B06-99A4-9C4130167EA8}.Release|x86.ActiveCfg = Release|Win32
		{77614578-0A30-4B06-99A4-9C4130167EA8}.Release|x86.Build.0 = Release|Win32
		{3189E4CE-9A80-412A-9B6F-59C73BFEEECB}.Debug|x64.ActiveCfg = Debug|x64
		{3189E4CE-9A80-412A-9B6F-59C73BFEEECB}.Debug|x64.Build.0 = Debug|x64
		{3189E4CE-9A80-412A-9B6F-59C73BFEEECB}.Debug|x86.ActiveCfg = Debug|Win32
		{3189E4CE-9A80-412A-9B6F-59C73BFEEECB}.Debug|x86.Build.0 = Debug|Win32
		{3189E4CE-9A80-412A-9B6F-59C73BFEEECB}.Release|x64.ActiveCfg = Release|x64
		{3189E4CE-9A80-412A-9B6F-59C73BFEEECB}.Release|x64.Build.0 = Release|x64
		{3189E4CE-9A80-412A-9B6F-59C73BFEEECB}.Release|x86.ActiveCfg = Release|Win32
		{3189E4CE-9A80-412A-9B6F-59C73BFEEECB}.Release|x86.Build.0 = Release|Win32
	EndGlobalSection
	GlobalSection(SolutionProperties) = preSolution
		HideSolutionNode = FALSE
	EndGlobalSection
	GlobalSection(ExtensibilityGlobals) = postSolution
		SolutionGuid = {3C6D9EB5-A2B4-468C-B4D4-9A64AA9B7E95}
	EndGlobalSection
EndGlobal
